
Microsoft Visual Studio Solution File, Format Version 12.00
# Visual Studio Version 17
VisualStudioVersion = 17.9.34723.18
MinimumVisualStudioVersion = 10.0.40219.1
Project("{FAE04EC0-301F-11D3-BF4B-00C04F79EFBC}") = "Felipe.CleanArchitecture.Api", "src\Felipe.CleanArchitecture.Api\Felipe.CleanArchitecture.Api.csproj", "{585B95B4-6D3E-49BF-B97E-EE9687D702FC}"
EndProject
Project("{2150E333-8FDC-42A3-9474-1A3956D46DE8}") = "src", "src", "{D9C3EBFC-9A0D-4C04-AC5E-1E755E1BFFC8}"
EndProject
Project("{2150E333-8FDC-42A3-9474-1A3956D46DE8}") = "tests", "tests", "{76849796-243A-46EB-AE85-8148FCC3AEF6}"
EndProject
Global
	GlobalSection(SolutionConfigurationPlatforms) = preSolution
		Debug|Any CPU = Debug|Any CPU
		Release|Any CPU = Release|Any CPU
	EndGlobalSection
	GlobalSection(ProjectConfigurationPlatforms) = postSolution
		{585B95B4-6D3E-49BF-B97E-EE9687D702FC}.Debug|Any CPU.ActiveCfg = Debug|Any CPU
		{585B95B4-6D3E-49BF-B97E-EE9687D702FC}.Debug|Any CPU.Build.0 = Debug|Any CPU
		{585B95B4-6D3E-49BF-B97E-EE9687D702FC}.Release|Any CPU.ActiveCfg = Release|Any CPU
		{585B95B4-6D3E-49BF-B97E-EE9687D702FC}.Release|Any CPU.Build.0 = Release|Any CPU
	EndGlobalSection
	GlobalSection(SolutionProperties) = preSolution
		HideSolutionNode = FALSE
	EndGlobalSection
	GlobalSection(NestedProjects) = preSolution
		{585B95B4-6D3E-49BF-B97E-EE9687D702FC} = {D9C3EBFC-9A0D-4C04-AC5E-1E755E1BFFC8}
	EndGlobalSection
	GlobalSection(ExtensibilityGlobals) = postSolution
		SolutionGuid = {91F495AA-6F9D-4DD2-8112-1C700B2BFA84}
	EndGlobalSection
EndGlobal
